
Microsoft Visual Studio Solution File, Format Version 12.00
# Visual Studio Version 17
VisualStudioVersion = 17.0.32002.185
MinimumVisualStudioVersion = 10.0.40219.1
Project("{FAE04EC0-301F-11D3-BF4B-00C04F79EFBC}") = "Projeto-Atos", "Projeto-Atos\Projeto-Atos.csproj", "{10A42822-D2A4-478D-A209-A3061C617D6E}"
EndProject
Global
	GlobalSection(SolutionConfigurationPlatforms) = preSolution
		Debug|Any CPU = Debug|Any CPU
		Release|Any CPU = Release|Any CPU
	EndGlobalSection
	GlobalSection(ProjectConfigurationPlatforms) = postSolution
		{10A42822-D2A4-478D-A209-A3061C617D6E}.Debug|Any CPU.ActiveCfg = Debug|Any CPU
		{10A42822-D2A4-478D-A209-A3061C617D6E}.Debug|Any CPU.Build.0 = Debug|Any CPU
		{10A42822-D2A4-478D-A209-A3061C617D6E}.Release|Any CPU.ActiveCfg = Release|Any CPU
		{10A42822-D2A4-478D-A209-A3061C617D6E}.Release|Any CPU.Build.0 = Release|Any CPU
	EndGlobalSection
	GlobalSection(SolutionProperties) = preSolution
		HideSolutionNode = FALSE
	EndGlobalSection
	GlobalSection(ExtensibilityGlobals) = postSolution
		SolutionGuid = {E8B84618-28E2-480C-B288-49BB3E70FB4E}
	EndGlobalSection
EndGlobal
